
Microsoft Visual Studio Solution File, Format Version 12.00
Project("{FAE04EC0-301F-11D3-BF4B-00C04F79EFBC}") = "Enchanting", "Enchanting.csproj", "{C287C09A-DC59-48E1-9DE2-A0A844DFD48C}"
EndProject
Global
	GlobalSection(SolutionConfigurationPlatforms) = preSolution
		Debug|Any CPU = Debug|Any CPU
		Release|Any CPU = Release|Any CPU
	EndGlobalSection
	GlobalSection(ProjectConfigurationPlatforms) = postSolution
		{C287C09A-DC59-48E1-9DE2-A0A844DFD48C}.Debug|Any CPU.ActiveCfg = Debug|Any CPU
		{C287C09A-DC59-48E1-9DE2-A0A844DFD48C}.Debug|Any CPU.Build.0 = Debug|Any CPU
		{C287C09A-DC59-48E1-9DE2-A0A844DFD48C}.Release|Any CPU.ActiveCfg = Release|Any CPU
		{C287C09A-DC59-48E1-9DE2-A0A844DFD48C}.Release|Any CPU.Build.0 = Release|Any CPU
	EndGlobalSection
EndGlobal
